
Microsoft Visual Studio Solution File, Format Version 12.00
# Visual Studio Version 16
VisualStudioVersion = 16.0.30907.101
MinimumVisualStudioVersion = 10.0.40219.1
Project("{FAE04EC0-301F-11D3-BF4B-00C04F79EFBC}") = "ClassMetotDemo", "ClassMetotDemo\ClassMetotDemo.csproj", "{FF31D363-BA4D-471F-89A7-70B4EE70E094}"
EndProject
Global
	GlobalSection(SolutionConfigurationPlatforms) = preSolution
		Debug|Any CPU = Debug|Any CPU
		Release|Any CPU = Release|Any CPU
	EndGlobalSection
	GlobalSection(ProjectConfigurationPlatforms) = postSolution
		{FF31D363-BA4D-471F-89A7-70B4EE70E094}.Debug|Any CPU.ActiveCfg = Debug|Any CPU
		{FF31D363-BA4D-471F-89A7-70B4EE70E094}.Debug|Any CPU.Build.0 = Debug|Any CPU
		{FF31D363-BA4D-471F-89A7-70B4EE70E094}.Release|Any CPU.ActiveCfg = Release|Any CPU
		{FF31D363-BA4D-471F-89A7-70B4EE70E094}.Release|Any CPU.Build.0 = Release|Any CPU
	EndGlobalSection
	GlobalSection(SolutionProperties) = preSolution
		HideSolutionNode = FALSE
	EndGlobalSection
	GlobalSection(ExtensibilityGlobals) = postSolution
		SolutionGuid = {E0604FA4-45A4-45C1-9F3C-D94633EE08F4}
	EndGlobalSection
EndGlobal
